// !$*UTF8*$!
{
	archiveVersion = 1;
	classes = {
	};
	objectVersion = 56;
	objects = {

/* Begin PBXBuildFile section */
		6F48E8262D65B0510078DB29 /* ConsentsHomeView.swift in Sources */ = {isa = PBXBuildFile; fileRef = 6F48E8212D65B0510078DB29 /* ConsentsHomeView.swift */; };
		6F48E8272D65B0510078DB29 /* Dashboard.swift in Sources */ = {isa = PBXBuildFile; fileRef = 6F48E8222D65B0510078DB29 /* Dashboard.swift */; };
		6F48E8282D65B0510078DB29 /* AccountDiscoveryView.swift in Sources */ = {isa = PBXBuildFile; fileRef = 6F48E8202D65B0510078DB29 /* AccountDiscoveryView.swift */; };
		6F48E82D2D65B3FC0078DB29 /* LoginView.swift in Sources */ = {isa = PBXBuildFile; fileRef = 6F48E82C2D65B3FC0078DB29 /* LoginView.swift */; };
		6FD2265B2C89B2D70073159E /* FinvuiOSClientDemoApp.swift in Sources */ = {isa = PBXBuildFile; fileRef = 6FD2265A2C89B2D70073159E /* FinvuiOSClientDemoApp.swift */; };
		6FD2265F2C89B2D80073159E /* Assets.xcassets in Resources */ = {isa = PBXBuildFile; fileRef = 6FD2265E2C89B2D80073159E /* Assets.xcassets */; };
		6FD226622C89B2D80073159E /* Preview Assets.xcassets in Resources */ = {isa = PBXBuildFile; fileRef = 6FD226612C89B2D80073159E /* Preview Assets.xcassets */; };
		CB9741A744777476D8C1C9D9 /* Pods_FinvuiOSClientDemo.framework in Frameworks */ = {isa = PBXBuildFile; fileRef = BA701F72C52F52BC492A92CC /* Pods_FinvuiOSClientDemo.framework */; };
/* End PBXBuildFile section */

/* Begin PBXFileReference section */
		1AA7A14C751C24F30A1E999A /* Pods-FinvuiOSClientDemo.release.xcconfig */ = {isa = PBXFileReference; includeInIndex = 1; lastKnownFileType = text.xcconfig; name = "Pods-FinvuiOSClientDemo.release.xcconfig"; path = "Target Support Files/Pods-FinvuiOSClientDemo/Pods-FinvuiOSClientDemo.release.xcconfig"; sourceTree = "<group>"; };
		6F48E8202D65B0510078DB29 /* AccountDiscoveryView.swift */ = {isa = PBXFileReference; lastKnownFileType = sourcecode.swift; path = AccountDiscoveryView.swift; sourceTree = "<group>"; };
		6F48E8212D65B0510078DB29 /* ConsentsHomeView.swift */ = {isa = PBXFileReference; lastKnownFileType = sourcecode.swift; path = ConsentsHomeView.swift; sourceTree = "<group>"; };
		6F48E8222D65B0510078DB29 /* Dashboard.swift */ = {isa = PBXFileReference; lastKnownFileType = sourcecode.swift; path = Dashboard.swift; sourceTree = "<group>"; };
		6F48E82C2D65B3FC0078DB29 /* LoginView.swift */ = {isa = PBXFileReference; lastKnownFileType = sourcecode.swift; path = LoginView.swift; sourceTree = "<group>"; };
		6FD226572C89B2D70073159E /* FinvuiOSClientDemo.app */ = {isa = PBXFileReference; explicitFileType = wrapper.application; includeInIndex = 0; path = FinvuiOSClientDemo.app; sourceTree = BUILT_PRODUCTS_DIR; };
		6FD2265A2C89B2D70073159E /* FinvuiOSClientDemoApp.swift */ = {isa = PBXFileReference; lastKnownFileType = sourcecode.swift; path = FinvuiOSClientDemoApp.swift; sourceTree = "<group>"; };
		6FD2265E2C89B2D80073159E /* Assets.xcassets */ = {isa = PBXFileReference; lastKnownFileType = folder.assetcatalog; path = Assets.xcassets; sourceTree = "<group>"; };
		6FD226612C89B2D80073159E /* Preview Assets.xcassets */ = {isa = PBXFileReference; lastKnownFileType = folder.assetcatalog; path = "Preview Assets.xcassets"; sourceTree = "<group>"; };
		7FA7145F6072D7939880B517 /* Pods-FinvuiOSClientDemo.debug.xcconfig */ = {isa = PBXFileReference; includeInIndex = 1; lastKnownFileType = text.xcconfig; name = "Pods-FinvuiOSClientDemo.debug.xcconfig"; path = "Target Support Files/Pods-FinvuiOSClientDemo/Pods-FinvuiOSClientDemo.debug.xcconfig"; sourceTree = "<group>"; };
		BA701F72C52F52BC492A92CC /* Pods_FinvuiOSClientDemo.framework */ = {isa = PBXFileReference; explicitFileType = wrapper.framework; includeInIndex = 0; path = Pods_FinvuiOSClientDemo.framework; sourceTree = BUILT_PRODUCTS_DIR; };
/* End PBXFileReference section */

/* Begin PBXFrameworksBuildPhase section */
		6FD226542C89B2D70073159E /* Frameworks */ = {
			isa = PBXFrameworksBuildPhase;
			buildActionMask = 2147483647;
			files = (
				CB9741A744777476D8C1C9D9 /* Pods_FinvuiOSClientDemo.framework in Frameworks */,
			);
			runOnlyForDeploymentPostprocessing = 0;
		};
/* End PBXFrameworksBuildPhase section */

/* Begin PBXGroup section */
		2E66C685D15E1B5C7B0AF259 /* Pods */ = {
			isa = PBXGroup;
			children = (
				7FA7145F6072D7939880B517 /* Pods-FinvuiOSClientDemo.debug.xcconfig */,
				1AA7A14C751C24F30A1E999A /* Pods-FinvuiOSClientDemo.release.xcconfig */,
			);
			path = Pods;
			sourceTree = "<group>";
		};
		6FD2264E2C89B2D70073159E = {
			isa = PBXGroup;
			children = (
				6FD226592C89B2D70073159E /* FinvuiOSClientDemo */,
				6FD226582C89B2D70073159E /* Products */,
				2E66C685D15E1B5C7B0AF259 /* Pods */,
				A1DF483FCCC42181737DD0A9 /* Frameworks */,
			);
			sourceTree = "<group>";
		};
		6FD226582C89B2D70073159E /* Products */ = {
			isa = PBXGroup;
			children = (
				6FD226572C89B2D70073159E /* FinvuiOSClientDemo.app */,
			);
			name = Products;
			sourceTree = "<group>";
		};
		6FD226592C89B2D70073159E /* FinvuiOSClientDemo */ = {
			isa = PBXGroup;
			children = (
				6F48E8202D65B0510078DB29 /* AccountDiscoveryView.swift */,
				6F48E8212D65B0510078DB29 /* ConsentsHomeView.swift */,
				6F48E8222D65B0510078DB29 /* Dashboard.swift */,
				6FD2265A2C89B2D70073159E /* FinvuiOSClientDemoApp.swift */,
				6F48E82C2D65B3FC0078DB29 /* LoginView.swift */,
				6FD2265E2C89B2D80073159E /* Assets.xcassets */,
				6FD226602C89B2D80073159E /* Preview Content */,
			);
			path = FinvuiOSClientDemo;
			sourceTree = "<group>";
		};
		6FD226602C89B2D80073159E /* Preview Content */ = {
			isa = PBXGroup;
			children = (
				6FD226612C89B2D80073159E /* Preview Assets.xcassets */,
			);
			path = "Preview Content";
			sourceTree = "<group>";
		};
		A1DF483FCCC42181737DD0A9 /* Frameworks */ = {
			isa = PBXGroup;
			children = (
				BA701F72C52F52BC492A92CC /* Pods_FinvuiOSClientDemo.framework */,
			);
			name = Frameworks;
			sourceTree = "<group>";
		};
/* End PBXGroup section */

/* Begin PBXNativeTarget section */
		6FD226562C89B2D70073159E /* FinvuiOSClientDemo */ = {
			isa = PBXNativeTarget;
			buildConfigurationList = 6FD226652C89B2D80073159E /* Build configuration list for PBXNativeTarget "FinvuiOSClientDemo" */;
			buildPhases = (
				5F7CDB5494E669F286EE2EBE /* [CP] Check Pods Manifest.lock */,
				6FD226532C89B2D70073159E /* Sources */,
				6FD226542C89B2D70073159E /* Frameworks */,
				6FD226552C89B2D70073159E /* Resources */,
				5E06BFF9725EDE104B201C54 /* [CP] Embed Pods Frameworks */,
			);
			buildRules = (
			);
			dependencies = (
			);
			name = FinvuiOSClientDemo;
			productName = FinvuiOSClientDemo;
			productReference = 6FD226572C89B2D70073159E /* FinvuiOSClientDemo.app */;
			productType = "com.apple.product-type.application";
		};
/* End PBXNativeTarget section */

/* Begin PBXProject section */
		6FD2264F2C89B2D70073159E /* Project object */ = {
			isa = PBXProject;
			attributes = {
				BuildIndependentTargetsInParallel = 1;
				LastSwiftUpdateCheck = 1540;
				LastUpgradeCheck = 1540;
				TargetAttributes = {
					6FD226562C89B2D70073159E = {
						CreatedOnToolsVersion = 15.4;
					};
				};
			};
			buildConfigurationList = 6FD226522C89B2D70073159E /* Build configuration list for PBXProject "FinvuiOSClientDemo" */;
			compatibilityVersion = "Xcode 14.0";
			developmentRegion = en;
			hasScannedForEncodings = 0;
			knownRegions = (
				en,
				Base,
			);
			mainGroup = 6FD2264E2C89B2D70073159E;
			productRefGroup = 6FD226582C89B2D70073159E /* Products */;
			projectDirPath = "";
			projectRoot = "";
			targets = (
				6FD226562C89B2D70073159E /* FinvuiOSClientDemo */,
			);
		};
/* End PBXProject section */

/* Begin PBXResourcesBuildPhase section */
		6FD226552C89B2D70073159E /* Resources */ = {
			isa = PBXResourcesBuildPhase;
			buildActionMask = 2147483647;
			files = (
				6FD226622C89B2D80073159E /* Preview Assets.xcassets in Resources */,
				6FD2265F2C89B2D80073159E /* Assets.xcassets in Resources */,
			);
			runOnlyForDeploymentPostprocessing = 0;
		};
/* End PBXResourcesBuildPhase section */

/* Begin PBXShellScriptBuildPhase section */
		5E06BFF9725EDE104B201C54 /* [CP] Embed Pods Frameworks */ = {
			isa = PBXShellScriptBuildPhase;
			buildActionMask = 2147483647;
			files = (
			);
			inputFileListPaths = (
				"${PODS_ROOT}/Target Support Files/Pods-FinvuiOSClientDemo/Pods-FinvuiOSClientDemo-frameworks-${CONFIGURATION}-input-files.xcfilelist",
			);
			name = "[CP] Embed Pods Frameworks";
			outputFileListPaths = (
				"${PODS_ROOT}/Target Support Files/Pods-FinvuiOSClientDemo/Pods-FinvuiOSClientDemo-frameworks-${CONFIGURATION}-output-files.xcfilelist",
			);
			runOnlyForDeploymentPostprocessing = 0;
			shellPath = /bin/sh;
			shellScript = "\"${PODS_ROOT}/Target Support Files/Pods-FinvuiOSClientDemo/Pods-FinvuiOSClientDemo-frameworks.sh\"\n";
			showEnvVarsInLog = 0;
		};
		5F7CDB5494E669F286EE2EBE /* [CP] Check Pods Manifest.lock */ = {
			isa = PBXShellScriptBuildPhase;
			buildActionMask = 2147483647;
			files = (
			);
			inputFileListPaths = (
			);
			inputPaths = (
				"${PODS_PODFILE_DIR_PATH}/Podfile.lock",
				"${PODS_ROOT}/Manifest.lock",
			);
			name = "[CP] Check Pods Manifest.lock";
			outputFileListPaths = (
			);
			outputPaths = (
				"$(DERIVED_FILE_DIR)/Pods-FinvuiOSClientDemo-checkManifestLockResult.txt",
			);
			runOnlyForDeploymentPostprocessing = 0;
			shellPath = /bin/sh;
			shellScript = "diff \"${PODS_PODFILE_DIR_PATH}/Podfile.lock\" \"${PODS_ROOT}/Manifest.lock\" > /dev/null\nif [ $? != 0 ] ; then\n    # print error to STDERR\n    echo \"error: The sandbox is not in sync with the Podfile.lock. Run 'pod install' or update your CocoaPods installation.\" >&2\n    exit 1\nfi\n# This output is used by Xcode 'outputs' to avoid re-running this script phase.\necho \"SUCCESS\" > \"${SCRIPT_OUTPUT_FILE_0}\"\n";
			showEnvVarsInLog = 0;
		};
/* End PBXShellScriptBuildPhase section */

/* Begin PBXSourcesBuildPhase section */
		6FD226532C89B2D70073159E /* Sources */ = {
			isa = PBXSourcesBuildPhase;
			buildActionMask = 2147483647;
			files = (
				6F48E82D2D65B3FC0078DB29 /* LoginView.swift in Sources */,
				6F48E8262D65B0510078DB29 /* ConsentsHomeView.swift in Sources */,
				6F48E8272D65B0510078DB29 /* Dashboard.swift in Sources */,
				6F48E8282D65B0510078DB29 /* AccountDiscoveryView.swift in Sources */,
				6FD2265B2C89B2D70073159E /* FinvuiOSClientDemoApp.swift in Sources */,
			);
			runOnlyForDeploymentPostprocessing = 0;
		};
/* End PBXSourcesBuildPhase section */

/* Begin XCBuildConfiguration section */
		6FD226632C89B2D80073159E /* Debug */ = {
			isa = XCBuildConfiguration;
			buildSettings = {
				ALWAYS_SEARCH_USER_PATHS = NO;
				ASSETCATALOG_COMPILER_GENERATE_SWIFT_ASSET_SYMBOL_EXTENSIONS = YES;
				CLANG_ANALYZER_NONNULL = YES;
				CLANG_ANALYZER_NUMBER_OBJECT_CONVERSION = YES_AGGRESSIVE;
				CLANG_CXX_LANGUAGE_STANDARD = "gnu++20";
				CLANG_ENABLE_MODULES = YES;
				CLANG_ENABLE_OBJC_ARC = YES;
				CLANG_ENABLE_OBJC_WEAK = YES;
				CLANG_WARN_BLOCK_CAPTURE_AUTORELEASING = YES;
				CLANG_WARN_BOOL_CONVERSION = YES;
				CLANG_WARN_COMMA = YES;
				CLANG_WARN_CONSTANT_CONVERSION = YES;
				CLANG_WARN_DEPRECATED_OBJC_IMPLEMENTATIONS = YES;
				CLANG_WARN_DIRECT_OBJC_ISA_USAGE = YES_ERROR;
				CLANG_WARN_DOCUMENTATION_COMMENTS = YES;
				CLANG_WARN_EMPTY_BODY = YES;
				CLANG_WARN_ENUM_CONVERSION = YES;
				CLANG_WARN_INFINITE_RECURSION = YES;
				CLANG_WARN_INT_CONVERSION = YES;
				CLANG_WARN_NON_LITERAL_NULL_CONVERSION = YES;
				CLANG_WARN_OBJC_IMPLICIT_RETAIN_SELF = YES;
				CLANG_WARN_OBJC_LITERAL_CONVERSION = YES;
				CLANG_WARN_OBJC_ROOT_CLASS = YES_ERROR;
				CLANG_WARN_QUOTED_INCLUDE_IN_FRAMEWORK_HEADER = YES;
				CLANG_WARN_RANGE_LOOP_ANALYSIS = YES;
				CLANG_WARN_STRICT_PROTOTYPES = YES;
				CLANG_WARN_SUSPICIOUS_MOVE = YES;
				CLANG_WARN_UNGUARDED_AVAILABILITY = YES_AGGRESSIVE;
				CLANG_WARN_UNREACHABLE_CODE = YES;
				CLANG_WARN__DUPLICATE_METHOD_MATCH = YES;
				COPY_PHASE_STRIP = NO;
				DEBUG_INFORMATION_FORMAT = dwarf;
				ENABLE_STRICT_OBJC_MSGSEND = YES;
				ENABLE_TESTABILITY = YES;
				ENABLE_USER_SCRIPT_SANDBOXING = YES;
				GCC_C_LANGUAGE_STANDARD = gnu17;
				GCC_DYNAMIC_NO_PIC = NO;
				GCC_NO_COMMON_BLOCKS = YES;
				GCC_OPTIMIZATION_LEVEL = 0;
				GCC_PREPROCESSOR_DEFINITIONS = (
					"DEBUG=1",
					"$(inherited)",
				);
				GCC_WARN_64_TO_32_BIT_CONVERSION = YES;
				GCC_WARN_ABOUT_RETURN_TYPE = YES_ERROR;
				GCC_WARN_UNDECLARED_SELECTOR = YES;
				GCC_WARN_UNINITIALIZED_AUTOS = YES_AGGRESSIVE;
				GCC_WARN_UNUSED_FUNCTION = YES;
				GCC_WARN_UNUSED_VARIABLE = YES;
				IPHONEOS_DEPLOYMENT_TARGET = 17.5;
				LOCALIZATION_PREFERS_STRING_CATALOGS = YES;
				MTL_ENABLE_DEBUG_INFO = INCLUDE_SOURCE;
				MTL_FAST_MATH = YES;
				ONLY_ACTIVE_ARCH = YES;
				SDKROOT = iphoneos;
				SWIFT_ACTIVE_COMPILATION_CONDITIONS = "DEBUG $(inherited)";
				SWIFT_OPTIMIZATION_LEVEL = "-Onone";
			};
			name = Debug;
		};
		6FD226642C89B2D80073159E /* Release */ = {
			isa = XCBuildConfiguration;
			buildSettings = {
				ALWAYS_SEARCH_USER_PATHS = NO;
				ASSETCATALOG_COMPILER_GENERATE_SWIFT_ASSET_SYMBOL_EXTENSIONS = YES;
				CLANG_ANALYZER_NONNULL = YES;
				CLANG_ANALYZER_NUMBER_OBJECT_CONVERSION = YES_AGGRESSIVE;
				CLANG_CXX_LANGUAGE_STANDARD = "gnu++20";
				CLANG_ENABLE_MODULES = YES;
				CLANG_ENABLE_OBJC_ARC = YES;
				CLANG_ENABLE_OBJC_WEAK = YES;
				CLANG_WARN_BLOCK_CAPTURE_AUTORELEASING = YES;
				CLANG_WARN_BOOL_CONVERSION = YES;
				CLANG_WARN_COMMA = YES;
				CLANG_WARN_CONSTANT_CONVERSION = YES;
				CLANG_WARN_DEPRECATED_OBJC_IMPLEMENTATIONS = YES;
				CLANG_WARN_DIRECT_OBJC_ISA_USAGE = YES_ERROR;
				CLANG_WARN_DOCUMENTATION_COMMENTS = YES;
				CLANG_WARN_EMPTY_BODY = YES;
				CLANG_WARN_ENUM_CONVERSION = YES;
				CLANG_WARN_INFINITE_RECURSION = YES;
				CLANG_WARN_INT_CONVERSION = YES;
				CLANG_WARN_NON_LITERAL_NULL_CONVERSION = YES;
				CLANG_WARN_OBJC_IMPLICIT_RETAIN_SELF = YES;
				CLANG_WARN_OBJC_LITERAL_CONVERSION = YES;
				CLANG_WARN_OBJC_ROOT_CLASS = YES_ERROR;
				CLANG_WARN_QUOTED_INCLUDE_IN_FRAMEWORK_HEADER = YES;
				CLANG_WARN_RANGE_LOOP_ANALYSIS = YES;
				CLANG_WARN_STRICT_PROTOTYPES = YES;
				CLANG_WARN_SUSPICIOUS_MOVE = YES;
				CLANG_WARN_UNGUARDED_AVAILABILITY = YES_AGGRESSIVE;
				CLANG_WARN_UNREACHABLE_CODE = YES;
				CLANG_WARN__DUPLICATE_METHOD_MATCH = YES;
				COPY_PHASE_STRIP = NO;
				DEBUG_INFORMATION_FORMAT = "dwarf-with-dsym";
				ENABLE_NS_ASSERTIONS = NO;
				ENABLE_STRICT_OBJC_MSGSEND = YES;
				ENABLE_USER_SCRIPT_SANDBOXING = YES;
				GCC_C_LANGUAGE_STANDARD = gnu17;
				GCC_NO_COMMON_BLOCKS = YES;
				GCC_WARN_64_TO_32_BIT_CONVERSION = YES;
				GCC_WARN_ABOUT_RETURN_TYPE = YES_ERROR;
				GCC_WARN_UNDECLARED_SELECTOR = YES;
				GCC_WARN_UNINITIALIZED_AUTOS = YES_AGGRESSIVE;
				GCC_WARN_UNUSED_FUNCTION = YES;
				GCC_WARN_UNUSED_VARIABLE = YES;
				IPHONEOS_DEPLOYMENT_TARGET = 17.5;
				LOCALIZATION_PREFERS_STRING_CATALOGS = YES;
				MTL_ENABLE_DEBUG_INFO = NO;
				MTL_FAST_MATH = YES;
				SDKROOT = iphoneos;
				SWIFT_COMPILATION_MODE = wholemodule;
				VALIDATE_PRODUCT = YES;
			};
			name = Release;
		};
		6FD226662C89B2D80073159E /* Debug */ = {
			isa = XCBuildConfiguration;
			baseConfigurationReference = 7FA7145F6072D7939880B517 /* Pods-FinvuiOSClientDemo.debug.xcconfig */;
			buildSettings = {
				ASSETCATALOG_COMPILER_APPICON_NAME = AppIcon;
				ASSETCATALOG_COMPILER_GLOBAL_ACCENT_COLOR_NAME = AccentColor;
				CODE_SIGN_STYLE = Automatic;
				CURRENT_PROJECT_VERSION = 1;
				DEVELOPMENT_ASSET_PATHS = "\"FinvuiOSClientDemo/Preview Content\"";
				ENABLE_PREVIEWS = YES;
				ENABLE_USER_SCRIPT_SANDBOXING = NO;
				GENERATE_INFOPLIST_FILE = YES;
				INFOPLIST_KEY_UIApplicationSceneManifest_Generation = YES;
				INFOPLIST_KEY_UIApplicationSupportsIndirectInputEvents = YES;
				INFOPLIST_KEY_UILaunchScreen_Generation = YES;
				INFOPLIST_KEY_UISupportedInterfaceOrientations_iPad = "UIInterfaceOrientationPortrait UIInterfaceOrientationPortraitUpsideDown UIInterfaceOrientationLandscapeLeft UIInterfaceOrientationLandscapeRight";
				INFOPLIST_KEY_UISupportedInterfaceOrientations_iPhone = "UIInterfaceOrientationPortrait UIInterfaceOrientationLandscapeLeft UIInterfaceOrientationLandscapeRight";
				LD_RUNPATH_SEARCH_PATHS = (
					"$(inherited)",
					"@executable_path/Frameworks",
				);
				MARKETING_VERSION = 1.0;
				PRODUCT_BUNDLE_IDENTIFIER = com.example.FinvuiOSClientDemo;
				PRODUCT_NAME = "$(TARGET_NAME)";
				SWIFT_EMIT_LOC_STRINGS = YES;
				SWIFT_VERSION = 5.0;
				TARGETED_DEVICE_FAMILY = "1,2";
			};
			name = Debug;
		};
		6FD226672C89B2D80073159E /* Release */ = {
			isa = XCBuildConfiguration;
			baseConfigurationReference = 1AA7A14C751C24F30A1E999A /* Pods-FinvuiOSClientDemo.release.xcconfig */;
			buildSettings = {
				ASSETCATALOG_COMPILER_APPICON_NAME = AppIcon;
				ASSETCATALOG_COMPILER_GLOBAL_ACCENT_COLOR_NAME = AccentColor;
				CODE_SIGN_STYLE = Automatic;
				CURRENT_PROJECT_VERSION = 1;
				DEVELOPMENT_ASSET_PATHS = "\"FinvuiOSClientDemo/Preview Content\"";
				ENABLE_PREVIEWS = YES;
				ENABLE_USER_SCRIPT_SANDBOXING = NO;
				GENERATE_INFOPLIST_FILE = YES;
				INFOPLIST_KEY_UIApplicationSceneManifest_Generation = YES;
				INFOPLIST_KEY_UIApplicationSupportsIndirectInputEvents = YES;
				INFOPLIST_KEY_UILaunchScreen_Generation = YES;
				INFOPLIST_KEY_UISupportedInterfaceOrientations_iPad = "UIInterfaceOrientationPortrait UIInterfaceOrientationPortraitUpsideDown UIInterfaceOrientationLandscapeLeft UIInterfaceOrientationLandscapeRight";
				INFOPLIST_KEY_UISupportedInterfaceOrientations_iPhone = "UIInterfaceOrientationPortrait UIInterfaceOrientationLandscapeLeft UIInterfaceOrientationLandscapeRight";
				LD_RUNPATH_SEARCH_PATHS = (
					"$(inherited)",
					"@executable_path/Frameworks",
				);
				MARKETING_VERSION = 1.0;
				PRODUCT_BUNDLE_IDENTIFIER = com.example.FinvuiOSClientDemo;
				PRODUCT_NAME = "$(TARGET_NAME)";
				SWIFT_EMIT_LOC_STRINGS = YES;
				SWIFT_VERSION = 5.0;
				TARGETED_DEVICE_FAMILY = "1,2";
			};
			name = Release;
		};
/* End XCBuildConfiguration section */

/* Begin XCConfigurationList section */
		6FD226522C89B2D70073159E /* Build configuration list for PBXProject "FinvuiOSClientDemo" */ = {
			isa = XCConfigurationList;
			buildConfigurations = (
				6FD226632C89B2D80073159E /* Debug */,
				6FD226642C89B2D80073159E /* Release */,
			);
			defaultConfigurationIsVisible = 0;
			defaultConfigurationName = Release;
		};
		6FD226652C89B2D80073159E /* Build configuration list for PBXNativeTarget "FinvuiOSClientDemo" */ = {
			isa = XCConfigurationList;
			buildConfigurations = (
				6FD226662C89B2D80073159E /* Debug */,
				6FD226672C89B2D80073159E /* Release */,
			);
			defaultConfigurationIsVisible = 0;
			defaultConfigurationName = Release;
		};
/* End XCConfigurationList section */
	};
	rootObject = 6FD2264F2C89B2D70073159E /* Project object */;
}
